
Microsoft Visual Studio Solution File, Format Version 12.00
# Visual Studio Version 16
VisualStudioVersion = 16.0.29926.136
MinimumVisualStudioVersion = 10.0.40219.1
Project("{FAE04EC0-301F-11D3-BF4B-00C04F79EFBC}") = "SingletonTransientDeadlockWeb", "SingletonTransientDeadlockWeb\SingletonTransientDeadlockWeb.csproj", "{C7491651-B24F-4541-BEB9-86FBC32818AA}"
EndProject
Project("{FAE04EC0-301F-11D3-BF4B-00C04F79EFBC}") = "SingletonTransientDeadlockWebClient", "SingletonTransientDeadlockWebClient\SingletonTransientDeadlockWebClient.csproj", "{689A652B-324C-4B09-8E8B-A89A2786E5E6}"
EndProject
Global
	GlobalSection(SolutionConfigurationPlatforms) = preSolution
		Debug|Any CPU = Debug|Any CPU
		Release|Any CPU = Release|Any CPU
	EndGlobalSection
	GlobalSection(ProjectConfigurationPlatforms) = postSolution
		{C7491651-B24F-4541-BEB9-86FBC32818AA}.Debug|Any CPU.ActiveCfg = Debug|Any CPU
		{C7491651-B24F-4541-BEB9-86FBC32818AA}.Debug|Any CPU.Build.0 = Debug|Any CPU
		{C7491651-B24F-4541-BEB9-86FBC32818AA}.Release|Any CPU.ActiveCfg = Release|Any CPU
		{C7491651-B24F-4541-BEB9-86FBC32818AA}.Release|Any CPU.Build.0 = Release|Any CPU
		{689A652B-324C-4B09-8E8B-A89A2786E5E6}.Debug|Any CPU.ActiveCfg = Debug|Any CPU
		{689A652B-324C-4B09-8E8B-A89A2786E5E6}.Debug|Any CPU.Build.0 = Debug|Any CPU
		{689A652B-324C-4B09-8E8B-A89A2786E5E6}.Release|Any CPU.ActiveCfg = Release|Any CPU
		{689A652B-324C-4B09-8E8B-A89A2786E5E6}.Release|Any CPU.Build.0 = Release|Any CPU
	EndGlobalSection
	GlobalSection(SolutionProperties) = preSolution
		HideSolutionNode = FALSE
	EndGlobalSection
	GlobalSection(ExtensibilityGlobals) = postSolution
		SolutionGuid = {E517A4CB-DA23-46D2-A1E5-6A3862659A07}
	EndGlobalSection
EndGlobal
